
Microsoft Visual Studio Solution File, Format Version 12.00
# Visual Studio Version 17
VisualStudioVersion = 17.14.35906.104 d17.14
MinimumVisualStudioVersion = 10.0.40219.1
Project("{54A90642-561A-4BB1-A94E-469ADEE60C69}") = "bookingapp.client", "bookingapp.client\bookingapp.client.esproj", "{CD01AABF-B635-526F-5EB0-00FF7F403180}"
EndProject
Project("{FAE04EC0-301F-11D3-BF4B-00C04F79EFBC}") = "BookingApp.Server", "BookingApp.Server\BookingApp.Server.csproj", "{9233FAE0-EA96-4FDA-8AC5-103405FEE29B}"
EndProject
Global
	GlobalSection(SolutionConfigurationPlatforms) = preSolution
		Debug|Any CPU = Debug|Any CPU
		Release|Any CPU = Release|Any CPU
	EndGlobalSection
	GlobalSection(ProjectConfigurationPlatforms) = postSolution
		{CD01AABF-B635-526F-5EB0-00FF7F403180}.Debug|Any CPU.ActiveCfg = Debug|Any CPU
		{CD01AABF-B635-526F-5EB0-00FF7F403180}.Debug|Any CPU.Build.0 = Debug|Any CPU
		{CD01AABF-B635-526F-5EB0-00FF7F403180}.Debug|Any CPU.Deploy.0 = Debug|Any CPU
		{CD01AABF-B635-526F-5EB0-00FF7F403180}.Release|Any CPU.ActiveCfg = Release|Any CPU
		{CD01AABF-B635-526F-5EB0-00FF7F403180}.Release|Any CPU.Build.0 = Release|Any CPU
		{CD01AABF-B635-526F-5EB0-00FF7F403180}.Release|Any CPU.Deploy.0 = Release|Any CPU
		{9233FAE0-EA96-4FDA-8AC5-103405FEE29B}.Debug|Any CPU.ActiveCfg = Debug|Any CPU
		{9233FAE0-EA96-4FDA-8AC5-103405FEE29B}.Debug|Any CPU.Build.0 = Debug|Any CPU
		{9233FAE0-EA96-4FDA-8AC5-103405FEE29B}.Release|Any CPU.ActiveCfg = Release|Any CPU
		{9233FAE0-EA96-4FDA-8AC5-103405FEE29B}.Release|Any CPU.Build.0 = Release|Any CPU
	EndGlobalSection
	GlobalSection(SolutionProperties) = preSolution
		HideSolutionNode = FALSE
	EndGlobalSection
	GlobalSection(ExtensibilityGlobals) = postSolution
		SolutionGuid = {CC8A33D6-BA4B-45E1-A8F2-ED2EBEA291AC}
	EndGlobalSection
EndGlobal
